
Microsoft Visual Studio Solution File, Format Version 12.00
# Visual Studio Version 17
VisualStudioVersion = 17.3.32811.315
MinimumVisualStudioVersion = 10.0.40219.1
Project("{FAE04EC0-301F-11D3-BF4B-00C04F79EFBC}") = "POnTheFly", "POnTheFly\POnTheFly.csproj", "{AB672DA9-6AF4-46B2-AE35-C6B01A205A18}"
EndProject
Global
	GlobalSection(SolutionConfigurationPlatforms) = preSolution
		Debug|Any CPU = Debug|Any CPU
		Release|Any CPU = Release|Any CPU
	EndGlobalSection
	GlobalSection(ProjectConfigurationPlatforms) = postSolution
		{AB672DA9-6AF4-46B2-AE35-C6B01A205A18}.Debug|Any CPU.ActiveCfg = Debug|Any CPU
		{AB672DA9-6AF4-46B2-AE35-C6B01A205A18}.Debug|Any CPU.Build.0 = Debug|Any CPU
		{AB672DA9-6AF4-46B2-AE35-C6B01A205A18}.Release|Any CPU.ActiveCfg = Release|Any CPU
		{AB672DA9-6AF4-46B2-AE35-C6B01A205A18}.Release|Any CPU.Build.0 = Release|Any CPU
	EndGlobalSection
	GlobalSection(SolutionProperties) = preSolution
		HideSolutionNode = FALSE
	EndGlobalSection
	GlobalSection(ExtensibilityGlobals) = postSolution
		SolutionGuid = {D35BD03B-BE9C-45F3-91BA-3E2DEBBB6672}
	EndGlobalSection
EndGlobal
